
Microsoft Visual Studio Solution File, Format Version 12.00
# Visual Studio Version 17
VisualStudioVersion = 17.11.35312.102
MinimumVisualStudioVersion = 10.0.40219.1
Project("{FAE04EC0-301F-11D3-BF4B-00C04F79EFBC}") = "Guia_Telefonica1", "Guia_Telefonica1\Guia_Telefonica1.csproj", "{D158A2B8-65AD-467A-B352-8346D385BACF}"
EndProject
Global
	GlobalSection(SolutionConfigurationPlatforms) = preSolution
		Debug|Any CPU = Debug|Any CPU
		Release|Any CPU = Release|Any CPU
	EndGlobalSection
	GlobalSection(ProjectConfigurationPlatforms) = postSolution
		{D158A2B8-65AD-467A-B352-8346D385BACF}.Debug|Any CPU.ActiveCfg = Debug|Any CPU
		{D158A2B8-65AD-467A-B352-8346D385BACF}.Debug|Any CPU.Build.0 = Debug|Any CPU
		{D158A2B8-65AD-467A-B352-8346D385BACF}.Release|Any CPU.ActiveCfg = Release|Any CPU
		{D158A2B8-65AD-467A-B352-8346D385BACF}.Release|Any CPU.Build.0 = Release|Any CPU
	EndGlobalSection
	GlobalSection(SolutionProperties) = preSolution
		HideSolutionNode = FALSE
	EndGlobalSection
	GlobalSection(ExtensibilityGlobals) = postSolution
		SolutionGuid = {11C1F40D-E05D-4788-8671-DDDF182E65F6}
	EndGlobalSection
EndGlobal
